
Microsoft Visual Studio Solution File, Format Version 12.00
# Visual Studio Version 17
VisualStudioVersion = 17.7.34024.191
MinimumVisualStudioVersion = 10.0.40219.1
Project("{FAE04EC0-301F-11D3-BF4B-00C04F79EFBC}") = "ConsoleApp4", "ConsoleApp4\ConsoleApp4.csproj", "{9D4E65A1-D54A-4D91-8742-67B5D5FBDC12}"
EndProject
Global
	GlobalSection(SolutionConfigurationPlatforms) = preSolution
		Debug|Any CPU = Debug|Any CPU
		Release|Any CPU = Release|Any CPU
	EndGlobalSection
	GlobalSection(ProjectConfigurationPlatforms) = postSolution
		{9D4E65A1-D54A-4D91-8742-67B5D5FBDC12}.Debug|Any CPU.ActiveCfg = Debug|Any CPU
		{9D4E65A1-D54A-4D91-8742-67B5D5FBDC12}.Debug|Any CPU.Build.0 = Debug|Any CPU
		{9D4E65A1-D54A-4D91-8742-67B5D5FBDC12}.Release|Any CPU.ActiveCfg = Release|Any CPU
		{9D4E65A1-D54A-4D91-8742-67B5D5FBDC12}.Release|Any CPU.Build.0 = Release|Any CPU
	EndGlobalSection
	GlobalSection(SolutionProperties) = preSolution
		HideSolutionNode = FALSE
	EndGlobalSection
	GlobalSection(ExtensibilityGlobals) = postSolution
		SolutionGuid = {18E61080-4982-4701-8337-E9235B9B2363}
	EndGlobalSection
EndGlobal
